
Microsoft Visual Studio Solution File, Format Version 12.00
# Visual Studio Version 16
VisualStudioVersion = 16.0.31729.503
MinimumVisualStudioVersion = 10.0.40219.1
Project("{FAE04EC0-301F-11D3-BF4B-00C04F79EFBC}") = "ShallowCopy", "ShallowCopy.csproj", "{FC328244-7D70-415F-B0B9-CF60B48DB45A}"
EndProject
Project("{FAE04EC0-301F-11D3-BF4B-00C04F79EFBC}") = "DeepCopy", "..\PrototypeDeepCopy\DeepCopy.csproj", "{533C7103-0805-4814-804A-3B68E4D07031}"
EndProject
Global
	GlobalSection(SolutionConfigurationPlatforms) = preSolution
		Debug|Any CPU = Debug|Any CPU
		Release|Any CPU = Release|Any CPU
	EndGlobalSection
	GlobalSection(ProjectConfigurationPlatforms) = postSolution
		{FC328244-7D70-415F-B0B9-CF60B48DB45A}.Debug|Any CPU.ActiveCfg = Debug|Any CPU
		{FC328244-7D70-415F-B0B9-CF60B48DB45A}.Debug|Any CPU.Build.0 = Debug|Any CPU
		{FC328244-7D70-415F-B0B9-CF60B48DB45A}.Release|Any CPU.ActiveCfg = Release|Any CPU
		{FC328244-7D70-415F-B0B9-CF60B48DB45A}.Release|Any CPU.Build.0 = Release|Any CPU
		{533C7103-0805-4814-804A-3B68E4D07031}.Debug|Any CPU.ActiveCfg = Debug|Any CPU
		{533C7103-0805-4814-804A-3B68E4D07031}.Debug|Any CPU.Build.0 = Debug|Any CPU
		{533C7103-0805-4814-804A-3B68E4D07031}.Release|Any CPU.ActiveCfg = Release|Any CPU
		{533C7103-0805-4814-804A-3B68E4D07031}.Release|Any CPU.Build.0 = Release|Any CPU
	EndGlobalSection
	GlobalSection(SolutionProperties) = preSolution
		HideSolutionNode = FALSE
	EndGlobalSection
	GlobalSection(ExtensibilityGlobals) = postSolution
		SolutionGuid = {B1DEA313-DEE6-4337-8B0D-6CAFB736C314}
	EndGlobalSection
EndGlobal
